
Microsoft Visual Studio Solution File, Format Version 12.00
# Visual Studio Version 17
VisualStudioVersion = 17.6.33712.159
MinimumVisualStudioVersion = 10.0.40219.1
Project("{FAE04EC0-301F-11D3-BF4B-00C04F79EFBC}") = "E-Commerce", "E-CommerceAPI\E-Commerce.csproj", "{9C5F6C0F-0F39-44E2-90E2-DD7CEC940C02}"
EndProject
Project("{FAE04EC0-301F-11D3-BF4B-00C04F79EFBC}") = "E-Commerce.BLL", "E-Commerce.BLL\E-Commerce.BLL.csproj", "{D0B35D2D-AAA3-4462-8971-D78E7CB2AA6F}"
EndProject
Project("{FAE04EC0-301F-11D3-BF4B-00C04F79EFBC}") = "E-Commerce.DAL", "E-Commerce.DAL\E-Commerce.DAL.csproj", "{79E1661D-CC13-4C5B-BA9E-B200AF5D1546}"
EndProject
Global
	GlobalSection(SolutionConfigurationPlatforms) = preSolution
		Debug|Any CPU = Debug|Any CPU
		Release|Any CPU = Release|Any CPU
	EndGlobalSection
	GlobalSection(ProjectConfigurationPlatforms) = postSolution
		{9C5F6C0F-0F39-44E2-90E2-DD7CEC940C02}.Debug|Any CPU.ActiveCfg = Debug|Any CPU
		{9C5F6C0F-0F39-44E2-90E2-DD7CEC940C02}.Debug|Any CPU.Build.0 = Debug|Any CPU
		{9C5F6C0F-0F39-44E2-90E2-DD7CEC940C02}.Release|Any CPU.ActiveCfg = Release|Any CPU
		{9C5F6C0F-0F39-44E2-90E2-DD7CEC940C02}.Release|Any CPU.Build.0 = Release|Any CPU
		{D0B35D2D-AAA3-4462-8971-D78E7CB2AA6F}.Debug|Any CPU.ActiveCfg = Debug|Any CPU
		{D0B35D2D-AAA3-4462-8971-D78E7CB2AA6F}.Debug|Any CPU.Build.0 = Debug|Any CPU
		{D0B35D2D-AAA3-4462-8971-D78E7CB2AA6F}.Release|Any CPU.ActiveCfg = Release|Any CPU
		{D0B35D2D-AAA3-4462-8971-D78E7CB2AA6F}.Release|Any CPU.Build.0 = Release|Any CPU
		{79E1661D-CC13-4C5B-BA9E-B200AF5D1546}.Debug|Any CPU.ActiveCfg = Debug|Any CPU
		{79E1661D-CC13-4C5B-BA9E-B200AF5D1546}.Debug|Any CPU.Build.0 = Debug|Any CPU
		{79E1661D-CC13-4C5B-BA9E-B200AF5D1546}.Release|Any CPU.ActiveCfg = Release|Any CPU
		{79E1661D-CC13-4C5B-BA9E-B200AF5D1546}.Release|Any CPU.Build.0 = Release|Any CPU
	EndGlobalSection
	GlobalSection(SolutionProperties) = preSolution
		HideSolutionNode = FALSE
	EndGlobalSection
	GlobalSection(ExtensibilityGlobals) = postSolution
		SolutionGuid = {F767CF01-7436-49AC-B1AC-BD548FFF7118}
	EndGlobalSection
EndGlobal
